
Microsoft Visual Studio Solution File, Format Version 12.00
# Visual Studio Version 17
VisualStudioVersion = 17.3.32901.215
MinimumVisualStudioVersion = 10.0.40219.1
Project("{FAE04EC0-301F-11D3-BF4B-00C04F79EFBC}") = "ExperimentWithControls", "ExperimentWithControls\ExperimentWithControls.csproj", "{835C0F40-44A3-4D24-8A63-7BAA94B2C731}"
EndProject
Global
	GlobalSection(SolutionConfigurationPlatforms) = preSolution
		Debug|Any CPU = Debug|Any CPU
		Release|Any CPU = Release|Any CPU
	EndGlobalSection
	GlobalSection(ProjectConfigurationPlatforms) = postSolution
		{835C0F40-44A3-4D24-8A63-7BAA94B2C731}.Debug|Any CPU.ActiveCfg = Debug|Any CPU
		{835C0F40-44A3-4D24-8A63-7BAA94B2C731}.Debug|Any CPU.Build.0 = Debug|Any CPU
		{835C0F40-44A3-4D24-8A63-7BAA94B2C731}.Release|Any CPU.ActiveCfg = Release|Any CPU
		{835C0F40-44A3-4D24-8A63-7BAA94B2C731}.Release|Any CPU.Build.0 = Release|Any CPU
	EndGlobalSection
	GlobalSection(SolutionProperties) = preSolution
		HideSolutionNode = FALSE
	EndGlobalSection
	GlobalSection(ExtensibilityGlobals) = postSolution
		SolutionGuid = {4B60CABA-1788-4127-847B-7A0B8417AD7A}
	EndGlobalSection
EndGlobal
